{
  "R": {
    "Version": "4.4.1",
    "Repositories": [
      {
        "Name": "CRAN",
        "URL": "https://mirrors.nju.edu.cn/CRAN"
      }
    ]
  },
  "Packages": {
    "askpass": {
      "Package": "askpass",
      "Version": "1.2.0",
      "Source": "Repository"
    },
    "cli": {
      "Package": "cli",
      "Version": "3.6.3",
      "Source": "Repository"
    },
    "fs": {
      "Package": "fs",
      "Version": "1.6.4",
      "Source": "Repository"
    },
    "glue": {
      "Package": "glue",
      "Version": "1.7.0",
      "Source": "Repository"
    },
    "lifecycle": {
      "Package": "lifecycle",
      "Version": "1.0.4",
      "Source": "Repository"
    },
    "magrittr": {
      "Package": "magrittr",
      "Version": "2.0.3",
      "Source": "Repository"
    },
    "openssl": {
      "Package": "openssl",
      "Version": "2.2.0",
      "Source": "Repository"
    },
    "rjson": {
      "Package": "rjson",
      "Version": "0.2.21",
      "Source": "Repository"
    },
    "rlang": {
      "Package": "rlang",
      "Version": "1.1.4",
      "Source": "Repository"
    },
    "stringi": {
      "Package": "stringi",
      "Version": "1.8.4",
      "Source": "Repository"
    },
    "stringr": {
      "Package": "stringr",
      "Version": "1.5.1",
      "Source": "Repository"
    },
    "sys": {
      "Package": "sys",
      "Version": "3.4.2",
      "Source": "Repository"
    },
    "vctrs": {
      "Package": "vctrs",
      "Version": "0.6.5",
      "Source": "Repository"
    },
    "zip": {
      "Package": "zip",
      "Version": "2.3.1",
      "Source": "Repository"
    }
  }
}
